
Microsoft Visual Studio Solution File, Format Version 11.00
# Visual Studio 2010
Project("{8BC9CEB8-8B4A-11D0-8D11-00A0C91BC942}") = "Car", "Car.vcxproj", "{73AA1500-6C05-4ECD-B7EE-41E20C95C3AB}"
EndProject
Global
	GlobalSection(SolutionConfigurationPlatforms) = preSolution
		ES2_IMG_vs2010_Debug_DLL|Win32 = ES2_IMG_vs2010_Debug_DLL|Win32
		ES2_IMG_vs2010_Debug|Win32 = ES2_IMG_vs2010_Debug|Win32
		ES2_IMG_vs2010_Release_DLL|Win32 = ES2_IMG_vs2010_Release_DLL|Win32
		ES2_IMG_vs2010_Release|Win32 = ES2_IMG_vs2010_Release|Win32
		ES2_IMG_vs2013_Debug_DLL|Win32 = ES2_IMG_vs2013_Debug_DLL|Win32
		ES2_IMG_vs2013_Debug|Win32 = ES2_IMG_vs2013_Debug|Win32
		ES2_IMG_vs2013_Release_DLL|Win32 = ES2_IMG_vs2013_Release_DLL|Win32
		ES2_IMG_vs2013_Release|Win32 = ES2_IMG_vs2013_Release|Win32
		GL_vs2010_Debug_DLL|Win32 = GL_vs2010_Debug_DLL|Win32
		GL_vs2010_Debug|Win32 = GL_vs2010_Debug|Win32
		GL_vs2010_Release_DLL|Win32 = GL_vs2010_Release_DLL|Win32
		GL_vs2010_Release|Win32 = GL_vs2010_Release|Win32
		GL_vs2013_Debug_DLL|Win32 = GL_vs2013_Debug_DLL|Win32
		GL_vs2013_Debug|Win32 = GL_vs2013_Debug|Win32
		GL_vs2013_Release_DLL|Win32 = GL_vs2013_Release_DLL|Win32
		GL_vs2013_Release|Win32 = GL_vs2013_Release|Win32
	EndGlobalSection
	GlobalSection(ProjectConfigurationPlatforms) = postSolution
		{2DB1F545-E8FA-471A-A652-3C1B511DAF13}.ES2_IMG_vs2010_Debug_DLL|Win32.ActiveCfg = ES2_IMG_vs2010_Debug|Win32
		{2DB1F545-E8FA-471A-A652-3C1B511DAF13}.ES2_IMG_vs2010_Debug_DLL|Win32.Build.0 = ES2_IMG_vs2010_Debug|Win32
		{2DB1F545-E8FA-471A-A652-3C1B511DAF13}.ES2_IMG_vs2010_Debug|Win32.ActiveCfg = ES2_IMG_vs2010_Debug|Win32
		{2DB1F545-E8FA-471A-A652-3C1B511DAF13}.ES2_IMG_vs2010_Debug|Win32.Build.0 = ES2_IMG_vs2010_Debug|Win32
		{2DB1F545-E8FA-471A-A652-3C1B511DAF13}.ES2_IMG_vs2010_Release_DLL|Win32.ActiveCfg = ES2_IMG_vs2010_Release|Win32
		{2DB1F545-E8FA-471A-A652-3C1B511DAF13}.ES2_IMG_vs2010_Release_DLL|Win32.Build.0 = ES2_IMG_vs2010_Release|Win32
		{2DB1F545-E8FA-471A-A652-3C1B511DAF13}.ES2_IMG_vs2010_Release|Win32.ActiveCfg = ES2_IMG_vs2010_Release|Win32
		{2DB1F545-E8FA-471A-A652-3C1B511DAF13}.ES2_IMG_vs2010_Release|Win32.Build.0 = ES2_IMG_vs2010_Release|Win32
		{2DB1F545-E8FA-471A-A652-3C1B511DAF13}.ES2_IMG_vs2013_Debug_DLL|Win32.ActiveCfg = ES2_IMG_vs2013_Debug|Win32
		{2DB1F545-E8FA-471A-A652-3C1B511DAF13}.ES2_IMG_vs2013_Debug_DLL|Win32.Build.0 = ES2_IMG_vs2013_Debug|Win32
		{2DB1F545-E8FA-471A-A652-3C1B511DAF13}.ES2_IMG_vs2013_Debug|Win32.ActiveCfg = ES2_IMG_vs2013_Debug|Win32
		{2DB1F545-E8FA-471A-A652-3C1B511DAF13}.ES2_IMG_vs2013_Debug|Win32.Build.0 = ES2_IMG_vs2013_Debug|Win32
		{2DB1F545-E8FA-471A-A652-3C1B511DAF13}.ES2_IMG_vs2013_Release_DLL|Win32.ActiveCfg = ES2_IMG_vs2013_Release|Win32
		{2DB1F545-E8FA-471A-A652-3C1B511DAF13}.ES2_IMG_vs2013_Release_DLL|Win32.Build.0 = ES2_IMG_vs2013_Release|Win32
		{2DB1F545-E8FA-471A-A652-3C1B511DAF13}.ES2_IMG_vs2013_Release|Win32.ActiveCfg = ES2_IMG_vs2013_Release|Win32
		{2DB1F545-E8FA-471A-A652-3C1B511DAF13}.ES2_IMG_vs2013_Release|Win32.Build.0 = ES2_IMG_vs2013_Release|Win32
		{2DB1F545-E8FA-471A-A652-3C1B511DAF13}.GL_vs2010_Debug_DLL|Win32.ActiveCfg = GL_vs2010_Debug|Win32
		{2DB1F545-E8FA-471A-A652-3C1B511DAF13}.GL_vs2010_Debug_DLL|Win32.Build.0 = GL_vs2010_Debug|Win32
		{2DB1F545-E8FA-471A-A652-3C1B511DAF13}.GL_vs2010_Debug|Win32.ActiveCfg = GL_vs2010_Debug|Win32
		{2DB1F545-E8FA-471A-A652-3C1B511DAF13}.GL_vs2010_Debug|Win32.Build.0 = GL_vs2010_Debug|Win32
		{2DB1F545-E8FA-471A-A652-3C1B511DAF13}.GL_vs2010_Release_DLL|Win32.ActiveCfg = GL_vs2010_Release|Win32
		{2DB1F545-E8FA-471A-A652-3C1B511DAF13}.GL_vs2010_Release_DLL|Win32.Build.0 = GL_vs2010_Release|Win32
		{2DB1F545-E8FA-471A-A652-3C1B511DAF13}.GL_vs2010_Release|Win32.ActiveCfg = GL_vs2010_Release|Win32
		{2DB1F545-E8FA-471A-A652-3C1B511DAF13}.GL_vs2010_Release|Win32.Build.0 = GL_vs2010_Release|Win32
		{2DB1F545-E8FA-471A-A652-3C1B511DAF13}.GL_vs2013_Debug_DLL|Win32.ActiveCfg = GL_vs2013_Debug|Win32
		{2DB1F545-E8FA-471A-A652-3C1B511DAF13}.GL_vs2013_Debug_DLL|Win32.Build.0 = GL_vs2013_Debug|Win32
		{2DB1F545-E8FA-471A-A652-3C1B511DAF13}.GL_vs2013_Debug|Win32.ActiveCfg = GL_vs2013_Debug|Win32
		{2DB1F545-E8FA-471A-A652-3C1B511DAF13}.GL_vs2013_Debug|Win32.Build.0 = GL_vs2013_Debug|Win32
		{2DB1F545-E8FA-471A-A652-3C1B511DAF13}.GL_vs2013_Release_DLL|Win32.ActiveCfg = GL_vs2013_Release|Win32
		{2DB1F545-E8FA-471A-A652-3C1B511DAF13}.GL_vs2013_Release_DLL|Win32.Build.0 = GL_vs2013_Release|Win32
		{2DB1F545-E8FA-471A-A652-3C1B511DAF13}.GL_vs2013_Release|Win32.ActiveCfg = GL_vs2013_Release|Win32
		{2DB1F545-E8FA-471A-A652-3C1B511DAF13}.GL_vs2013_Release|Win32.Build.0 = GL_vs2013_Release|Win32
		{A05F6AFE-F591-42B8-967E-B85C13285F67}.ES2_IMG_vs2010_Debug_DLL|Win32.ActiveCfg = ES2_IMG_vs2010_Debug|Win32
		{A05F6AFE-F591-42B8-967E-B85C13285F67}.ES2_IMG_vs2010_Debug_DLL|Win32.Build.0 = ES2_IMG_vs2010_Debug|Win32
		{A05F6AFE-F591-42B8-967E-B85C13285F67}.ES2_IMG_vs2010_Debug|Win32.ActiveCfg = ES2_IMG_vs2010_Debug|Win32
		{A05F6AFE-F591-42B8-967E-B85C13285F67}.ES2_IMG_vs2010_Debug|Win32.Build.0 = ES2_IMG_vs2010_Debug|Win32
		{A05F6AFE-F591-42B8-967E-B85C13285F67}.ES2_IMG_vs2010_Release_DLL|Win32.ActiveCfg = ES2_IMG_vs2010_Release|Win32
		{A05F6AFE-F591-42B8-967E-B85C13285F67}.ES2_IMG_vs2010_Release_DLL|Win32.Build.0 = ES2_IMG_vs2010_Release|Win32
		{A05F6AFE-F591-42B8-967E-B85C13285F67}.ES2_IMG_vs2010_Release|Win32.ActiveCfg = ES2_IMG_vs2010_Release|Win32
		{A05F6AFE-F591-42B8-967E-B85C13285F67}.ES2_IMG_vs2010_Release|Win32.Build.0 = ES2_IMG_vs2010_Release|Win32
		{A05F6AFE-F591-42B8-967E-B85C13285F67}.ES2_IMG_vs2013_Debug_DLL|Win32.ActiveCfg = ES2_IMG_vs2013_Debug|Win32
		{A05F6AFE-F591-42B8-967E-B85C13285F67}.ES2_IMG_vs2013_Debug_DLL|Win32.Build.0 = ES2_IMG_vs2013_Debug|Win32
		{A05F6AFE-F591-42B8-967E-B85C13285F67}.ES2_IMG_vs2013_Debug|Win32.ActiveCfg = ES2_IMG_vs2013_Debug|Win32
		{A05F6AFE-F591-42B8-967E-B85C13285F67}.ES2_IMG_vs2013_Debug|Win32.Build.0 = ES2_IMG_vs2013_Debug|Win32
		{A05F6AFE-F591-42B8-967E-B85C13285F67}.ES2_IMG_vs2013_Release_DLL|Win32.ActiveCfg = ES2_IMG_vs2013_Release|Win32
		{A05F6AFE-F591-42B8-967E-B85C13285F67}.ES2_IMG_vs2013_Release_DLL|Win32.Build.0 = ES2_IMG_vs2013_Release|Win32
		{A05F6AFE-F591-42B8-967E-B85C13285F67}.ES2_IMG_vs2013_Release|Win32.ActiveCfg = ES2_IMG_vs2013_Release|Win32
		{A05F6AFE-F591-42B8-967E-B85C13285F67}.ES2_IMG_vs2013_Release|Win32.Build.0 = ES2_IMG_vs2013_Release|Win32
		{A05F6AFE-F591-42B8-967E-B85C13285F67}.GL_vs2010_Debug_DLL|Win32.ActiveCfg = GL_vs2010_Debug|Win32
		{A05F6AFE-F591-42B8-967E-B85C13285F67}.GL_vs2010_Debug_DLL|Win32.Build.0 = GL_vs2010_Debug|Win32
		{A05F6AFE-F591-42B8-967E-B85C13285F67}.GL_vs2010_Debug|Win32.ActiveCfg = GL_vs2010_Debug|Win32
		{A05F6AFE-F591-42B8-967E-B85C13285F67}.GL_vs2010_Debug|Win32.Build.0 = GL_vs2010_Debug|Win32
		{A05F6AFE-F591-42B8-967E-B85C13285F67}.GL_vs2010_Release_DLL|Win32.ActiveCfg = GL_vs2010_Release|Win32
		{A05F6AFE-F591-42B8-967E-B85C13285F67}.GL_vs2010_Release_DLL|Win32.Build.0 = GL_vs2010_Release|Win32
		{A05F6AFE-F591-42B8-967E-B85C13285F67}.GL_vs2010_Release|Win32.ActiveCfg = GL_vs2010_Release|Win32
		{A05F6AFE-F591-42B8-967E-B85C13285F67}.GL_vs2010_Release|Win32.Build.0 = GL_vs2010_Release|Win32
		{A05F6AFE-F591-42B8-967E-B85C13285F67}.GL_vs2013_Debug_DLL|Win32.ActiveCfg = GL_vs2013_Debug|Win32
		{A05F6AFE-F591-42B8-967E-B85C13285F67}.GL_vs2013_Debug_DLL|Win32.Build.0 = GL_vs2013_Debug|Win32
		{A05F6AFE-F591-42B8-967E-B85C13285F67}.GL_vs2013_Debug|Win32.ActiveCfg = GL_vs2013_Debug|Win32
		{A05F6AFE-F591-42B8-967E-B85C13285F67}.GL_vs2013_Debug|Win32.Build.0 = GL_vs2013_Debug|Win32
		{A05F6AFE-F591-42B8-967E-B85C13285F67}.GL_vs2013_Release_DLL|Win32.ActiveCfg = GL_vs2013_Release|Win32
		{A05F6AFE-F591-42B8-967E-B85C13285F67}.GL_vs2013_Release_DLL|Win32.Build.0 = GL_vs2013_Release|Win32
		{A05F6AFE-F591-42B8-967E-B85C13285F67}.GL_vs2013_Release|Win32.ActiveCfg = GL_vs2013_Release|Win32
		{A05F6AFE-F591-42B8-967E-B85C13285F67}.GL_vs2013_Release|Win32.Build.0 = GL_vs2013_Release|Win32
		{87008A20-7C32-478B-94F6-FFC5D24EE936}.ES2_IMG_vs2010_Debug_DLL|Win32.ActiveCfg = ES2_IMG_vs2010_Debug_DLL|Win32
		{87008A20-7C32-478B-94F6-FFC5D24EE936}.ES2_IMG_vs2010_Debug_DLL|Win32.Build.0 = ES2_IMG_vs2010_Debug_DLL|Win32
		{87008A20-7C32-478B-94F6-FFC5D24EE936}.ES2_IMG_vs2010_Debug|Win32.ActiveCfg = ES2_IMG_vs2010_Debug|Win32
		{87008A20-7C32-478B-94F6-FFC5D24EE936}.ES2_IMG_vs2010_Debug|Win32.Build.0 = ES2_IMG_vs2010_Debug|Win32
		{87008A20-7C32-478B-94F6-FFC5D24EE936}.ES2_IMG_vs2010_Release_DLL|Win32.ActiveCfg = ES2_IMG_vs2010_Release_DLL|Win32
		{87008A20-7C32-478B-94F6-FFC5D24EE936}.ES2_IMG_vs2010_Release_DLL|Win32.Build.0 = ES2_IMG_vs2010_Release_DLL|Win32
		{87008A20-7C32-478B-94F6-FFC5D24EE936}.ES2_IMG_vs2010_Release|Win32.ActiveCfg = ES2_IMG_vs2010_Release|Win32
		{87008A20-7C32-478B-94F6-FFC5D24EE936}.ES2_IMG_vs2010_Release|Win32.Build.0 = ES2_IMG_vs2010_Release|Win32
		{87008A20-7C32-478B-94F6-FFC5D24EE936}.ES2_IMG_vs2013_Debug_DLL|Win32.ActiveCfg = ES2_IMG_vs2013_Debug_DLL|Win32
		{87008A20-7C32-478B-94F6-FFC5D24EE936}.ES2_IMG_vs2013_Debug_DLL|Win32.Build.0 = ES2_IMG_vs2013_Debug_DLL|Win32
		{87008A20-7C32-478B-94F6-FFC5D24EE936}.ES2_IMG_vs2013_Debug|Win32.ActiveCfg = ES2_IMG_vs2013_Debug|Win32
		{87008A20-7C32-478B-94F6-FFC5D24EE936}.ES2_IMG_vs2013_Debug|Win32.Build.0 = ES2_IMG_vs2013_Debug|Win32
		{87008A20-7C32-478B-94F6-FFC5D24EE936}.ES2_IMG_vs2013_Release_DLL|Win32.ActiveCfg = ES2_IMG_vs2013_Release_DLL|Win32
		{87008A20-7C32-478B-94F6-FFC5D24EE936}.ES2_IMG_vs2013_Release_DLL|Win32.Build.0 = ES2_IMG_vs2013_Release_DLL|Win32
		{87008A20-7C32-478B-94F6-FFC5D24EE936}.ES2_IMG_vs2013_Release|Win32.ActiveCfg = ES2_IMG_vs2013_Release|Win32
		{87008A20-7C32-478B-94F6-FFC5D24EE936}.ES2_IMG_vs2013_Release|Win32.Build.0 = ES2_IMG_vs2013_Release|Win32
		{87008A20-7C32-478B-94F6-FFC5D24EE936}.GL_vs2010_Debug_DLL|Win32.ActiveCfg = GL_vs2010_Debug_DLL|Win32
		{87008A20-7C32-478B-94F6-FFC5D24EE936}.GL_vs2010_Debug_DLL|Win32.Build.0 = GL_vs2010_Debug_DLL|Win32
		{87008A20-7C32-478B-94F6-FFC5D24EE936}.GL_vs2010_Debug|Win32.ActiveCfg = GL_vs2010_Debug|Win32
		{87008A20-7C32-478B-94F6-FFC5D24EE936}.GL_vs2010_Debug|Win32.Build.0 = GL_vs2010_Debug|Win32
		{87008A20-7C32-478B-94F6-FFC5D24EE936}.GL_vs2010_Release_DLL|Win32.ActiveCfg = GL_vs2010_Release_DLL|Win32
		{87008A20-7C32-478B-94F6-FFC5D24EE936}.GL_vs2010_Release_DLL|Win32.Build.0 = GL_vs2010_Release_DLL|Win32
		{87008A20-7C32-478B-94F6-FFC5D24EE936}.GL_vs2010_Release|Win32.ActiveCfg = GL_vs2010_Release|Win32
		{87008A20-7C32-478B-94F6-FFC5D24EE936}.GL_vs2010_Release|Win32.Build.0 = GL_vs2010_Release|Win32
		{87008A20-7C32-478B-94F6-FFC5D24EE936}.GL_vs2013_Debug_DLL|Win32.ActiveCfg = GL_vs2013_Debug_DLL|Win32
		{87008A20-7C32-478B-94F6-FFC5D24EE936}.GL_vs2013_Debug_DLL|Win32.Build.0 = GL_vs2013_Debug_DLL|Win32
		{87008A20-7C32-478B-94F6-FFC5D24EE936}.GL_vs2013_Debug|Win32.ActiveCfg = GL_vs2013_Debug|Win32
		{87008A20-7C32-478B-94F6-FFC5D24EE936}.GL_vs2013_Debug|Win32.Build.0 = GL_vs2013_Debug|Win32
		{87008A20-7C32-478B-94F6-FFC5D24EE936}.GL_vs2013_Release_DLL|Win32.ActiveCfg = GL_vs2013_Release_DLL|Win32
		{87008A20-7C32-478B-94F6-FFC5D24EE936}.GL_vs2013_Release_DLL|Win32.Build.0 = GL_vs2013_Release_DLL|Win32
		{87008A20-7C32-478B-94F6-FFC5D24EE936}.GL_vs2013_Release|Win32.ActiveCfg = GL_vs2013_Release|Win32
		{87008A20-7C32-478B-94F6-FFC5D24EE936}.GL_vs2013_Release|Win32.Build.0 = GL_vs2013_Release|Win32
		{2C30E615-E8A1-4337-A0A4-87608CA167E2}.ES2_IMG_vs2010_Debug_DLL|Win32.ActiveCfg = ES2_IMG_vs2010_Debug_DLL|Win32
		{2C30E615-E8A1-4337-A0A4-87608CA167E2}.ES2_IMG_vs2010_Debug_DLL|Win32.Build.0 = ES2_IMG_vs2010_Debug_DLL|Win32
		{2C30E615-E8A1-4337-A0A4-87608CA167E2}.ES2_IMG_vs2010_Debug|Win32.ActiveCfg = ES2_IMG_vs2010_Debug|Win32
		{2C30E615-E8A1-4337-A0A4-87608CA167E2}.ES2_IMG_vs2010_Debug|Win32.Build.0 = ES2_IMG_vs2010_Debug|Win32
		{2C30E615-E8A1-4337-A0A4-87608CA167E2}.ES2_IMG_vs2010_Release_DLL|Win32.ActiveCfg = ES2_IMG_vs2010_Release_DLL|Win32
		{2C30E615-E8A1-4337-A0A4-87608CA167E2}.ES2_IMG_vs2010_Release_DLL|Win32.Build.0 = ES2_IMG_vs2010_Release_DLL|Win32
		{2C30E615-E8A1-4337-A0A4-87608CA167E2}.ES2_IMG_vs2010_Release|Win32.ActiveCfg = ES2_IMG_vs2010_Release|Win32
		{2C30E615-E8A1-4337-A0A4-87608CA167E2}.ES2_IMG_vs2010_Release|Win32.Build.0 = ES2_IMG_vs2010_Release|Win32
		{2C30E615-E8A1-4337-A0A4-87608CA167E2}.ES2_IMG_vs2013_Debug_DLL|Win32.ActiveCfg = ES2_IMG_vs2013_Debug_DLL|Win32
		{2C30E615-E8A1-4337-A0A4-87608CA167E2}.ES2_IMG_vs2013_Debug_DLL|Win32.Build.0 = ES2_IMG_vs2013_Debug_DLL|Win32
		{2C30E615-E8A1-4337-A0A4-87608CA167E2}.ES2_IMG_vs2013_Debug|Win32.ActiveCfg = ES2_IMG_vs2013_Debug|Win32
		{2C30E615-E8A1-4337-A0A4-87608CA167E2}.ES2_IMG_vs2013_Debug|Win32.Build.0 = ES2_IMG_vs2013_Debug|Win32
		{2C30E615-E8A1-4337-A0A4-87608CA167E2}.ES2_IMG_vs2013_Release_DLL|Win32.ActiveCfg = ES2_IMG_vs2013_Release_DLL|Win32
		{2C30E615-E8A1-4337-A0A4-87608CA167E2}.ES2_IMG_vs2013_Release_DLL|Win32.Build.0 = ES2_IMG_vs2013_Release_DLL|Win32
		{2C30E615-E8A1-4337-A0A4-87608CA167E2}.ES2_IMG_vs2013_Release|Win32.ActiveCfg = ES2_IMG_vs2013_Release|Win32
		{2C30E615-E8A1-4337-A0A4-87608CA167E2}.ES2_IMG_vs2013_Release|Win32.Build.0 = ES2_IMG_vs2013_Release|Win32
		{2C30E615-E8A1-4337-A0A4-87608CA167E2}.GL_vs2010_Debug_DLL|Win32.ActiveCfg = GL_vs2010_Debug_DLL|Win32
		{2C30E615-E8A1-4337-A0A4-87608CA167E2}.GL_vs2010_Debug_DLL|Win32.Build.0 = GL_vs2010_Debug_DLL|Win32
		{2C30E615-E8A1-4337-A0A4-87608CA167E2}.GL_vs2010_Debug|Win32.ActiveCfg = GL_vs2010_Debug|Win32
		{2C30E615-E8A1-4337-A0A4-87608CA167E2}.GL_vs2010_Debug|Win32.Build.0 = GL_vs2010_Debug|Win32
		{2C30E615-E8A1-4337-A0A4-87608CA167E2}.GL_vs2010_Release_DLL|Win32.ActiveCfg = GL_vs2010_Release_DLL|Win32
		{2C30E615-E8A1-4337-A0A4-87608CA167E2}.GL_vs2010_Release_DLL|Win32.Build.0 = GL_vs2010_Release_DLL|Win32
		{2C30E615-E8A1-4337-A0A4-87608CA167E2}.GL_vs2010_Release|Win32.ActiveCfg = GL_vs2010_Release|Win32
		{2C30E615-E8A1-4337-A0A4-87608CA167E2}.GL_vs2010_Release|Win32.Build.0 = GL_vs2010_Release|Win32
		{2C30E615-E8A1-4337-A0A4-87608CA167E2}.GL_vs2013_Debug_DLL|Win32.ActiveCfg = GL_vs2013_Debug_DLL|Win32
		{2C30E615-E8A1-4337-A0A4-87608CA167E2}.GL_vs2013_Debug_DLL|Win32.Build.0 = GL_vs2013_Debug_DLL|Win32
		{2C30E615-E8A1-4337-A0A4-87608CA167E2}.GL_vs2013_Debug|Win32.ActiveCfg = GL_vs2013_Debug|Win32
		{2C30E615-E8A1-4337-A0A4-87608CA167E2}.GL_vs2013_Debug|Win32.Build.0 = GL_vs2013_Debug|Win32
		{2C30E615-E8A1-4337-A0A4-87608CA167E2}.GL_vs2013_Release_DLL|Win32.ActiveCfg = GL_vs2013_Release_DLL|Win32
		{2C30E615-E8A1-4337-A0A4-87608CA167E2}.GL_vs2013_Release_DLL|Win32.Build.0 = GL_vs2013_Release_DLL|Win32
		{2C30E615-E8A1-4337-A0A4-87608CA167E2}.GL_vs2013_Release|Win32.ActiveCfg = GL_vs2013_Release|Win32
		{2C30E615-E8A1-4337-A0A4-87608CA167E2}.GL_vs2013_Release|Win32.Build.0 = GL_vs2013_Release|Win32
		{73AA1500-6C05-4ECD-B7EE-41E20C95C3AB}.ES2_IMG_vs2010_Debug_DLL|Win32.ActiveCfg = ES2_IMG_vs2010_Debug_DLL|Win32
		{73AA1500-6C05-4ECD-B7EE-41E20C95C3AB}.ES2_IMG_vs2010_Debug_DLL|Win32.Build.0 = ES2_IMG_vs2010_Debug_DLL|Win32
		{73AA1500-6C05-4ECD-B7EE-41E20C95C3AB}.ES2_IMG_vs2010_Debug|Win32.ActiveCfg = ES2_IMG_vs2010_Debug|Win32
		{73AA1500-6C05-4ECD-B7EE-41E20C95C3AB}.ES2_IMG_vs2010_Debug|Win32.Build.0 = ES2_IMG_vs2010_Debug|Win32
		{73AA1500-6C05-4ECD-B7EE-41E20C95C3AB}.ES2_IMG_vs2010_Release_DLL|Win32.ActiveCfg = ES2_IMG_vs2010_Release_DLL|Win32
		{73AA1500-6C05-4ECD-B7EE-41E20C95C3AB}.ES2_IMG_vs2010_Release_DLL|Win32.Build.0 = ES2_IMG_vs2010_Release_DLL|Win32
		{73AA1500-6C05-4ECD-B7EE-41E20C95C3AB}.ES2_IMG_vs2010_Release|Win32.ActiveCfg = ES2_IMG_vs2010_Release|Win32
		{73AA1500-6C05-4ECD-B7EE-41E20C95C3AB}.ES2_IMG_vs2010_Release|Win32.Build.0 = ES2_IMG_vs2010_Release|Win32
		{73AA1500-6C05-4ECD-B7EE-41E20C95C3AB}.ES2_IMG_vs2013_Debug_DLL|Win32.ActiveCfg = ES2_IMG_vs2013_Debug_DLL|Win32
		{73AA1500-6C05-4ECD-B7EE-41E20C95C3AB}.ES2_IMG_vs2013_Debug_DLL|Win32.Build.0 = ES2_IMG_vs2013_Debug_DLL|Win32
		{73AA1500-6C05-4ECD-B7EE-41E20C95C3AB}.ES2_IMG_vs2013_Debug|Win32.ActiveCfg = ES2_IMG_vs2013_Debug|Win32
		{73AA1500-6C05-4ECD-B7EE-41E20C95C3AB}.ES2_IMG_vs2013_Debug|Win32.Build.0 = ES2_IMG_vs2013_Debug|Win32
		{73AA1500-6C05-4ECD-B7EE-41E20C95C3AB}.ES2_IMG_vs2013_Release_DLL|Win32.ActiveCfg = ES2_IMG_vs2013_Release_DLL|Win32
		{73AA1500-6C05-4ECD-B7EE-41E20C95C3AB}.ES2_IMG_vs2013_Release_DLL|Win32.Build.0 = ES2_IMG_vs2013_Release_DLL|Win32
		{73AA1500-6C05-4ECD-B7EE-41E20C95C3AB}.ES2_IMG_vs2013_Release|Win32.ActiveCfg = ES2_IMG_vs2013_Release|Win32
		{73AA1500-6C05-4ECD-B7EE-41E20C95C3AB}.ES2_IMG_vs2013_Release|Win32.Build.0 = ES2_IMG_vs2013_Release|Win32
		{73AA1500-6C05-4ECD-B7EE-41E20C95C3AB}.GL_vs2010_Debug_DLL|Win32.ActiveCfg = GL_vs2010_Debug_DLL|Win32
		{73AA1500-6C05-4ECD-B7EE-41E20C95C3AB}.GL_vs2010_Debug_DLL|Win32.Build.0 = GL_vs2010_Debug_DLL|Win32
		{73AA1500-6C05-4ECD-B7EE-41E20C95C3AB}.GL_vs2010_Debug|Win32.ActiveCfg = GL_vs2010_Debug|Win32
		{73AA1500-6C05-4ECD-B7EE-41E20C95C3AB}.GL_vs2010_Debug|Win32.Build.0 = GL_vs2010_Debug|Win32
		{73AA1500-6C05-4ECD-B7EE-41E20C95C3AB}.GL_vs2010_Release_DLL|Win32.ActiveCfg = GL_vs2010_Release_DLL|Win32
		{73AA1500-6C05-4ECD-B7EE-41E20C95C3AB}.GL_vs2010_Release_DLL|Win32.Build.0 = GL_vs2010_Release_DLL|Win32
		{73AA1500-6C05-4ECD-B7EE-41E20C95C3AB}.GL_vs2010_Release|Win32.ActiveCfg = GL_vs2010_Release|Win32
		{73AA1500-6C05-4ECD-B7EE-41E20C95C3AB}.GL_vs2010_Release|Win32.Build.0 = GL_vs2010_Release|Win32
		{73AA1500-6C05-4ECD-B7EE-41E20C95C3AB}.GL_vs2013_Debug_DLL|Win32.ActiveCfg = GL_vs2013_Debug_DLL|Win32
		{73AA1500-6C05-4ECD-B7EE-41E20C95C3AB}.GL_vs2013_Debug_DLL|Win32.Build.0 = GL_vs2013_Debug_DLL|Win32
		{73AA1500-6C05-4ECD-B7EE-41E20C95C3AB}.GL_vs2013_Debug|Win32.ActiveCfg = GL_vs2013_Debug|Win32
		{73AA1500-6C05-4ECD-B7EE-41E20C95C3AB}.GL_vs2013_Debug|Win32.Build.0 = GL_vs2013_Debug|Win32
		{73AA1500-6C05-4ECD-B7EE-41E20C95C3AB}.GL_vs2013_Release_DLL|Win32.ActiveCfg = GL_vs2013_Release_DLL|Win32
		{73AA1500-6C05-4ECD-B7EE-41E20C95C3AB}.GL_vs2013_Release_DLL|Win32.Build.0 = GL_vs2013_Release_DLL|Win32
		{73AA1500-6C05-4ECD-B7EE-41E20C95C3AB}.GL_vs2013_Release|Win32.ActiveCfg = GL_vs2013_Release|Win32
		{73AA1500-6C05-4ECD-B7EE-41E20C95C3AB}.GL_vs2013_Release|Win32.Build.0 = GL_vs2013_Release|Win32
		{B580B75A-04C6-4D57-B1DA-814DEBE6307C}.ES2_IMG_vs2010_Debug_DLL|Win32.ActiveCfg = ES2_IMG_vs2010_Debug_DLL|Win32
		{B580B75A-04C6-4D57-B1DA-814DEBE6307C}.ES2_IMG_vs2010_Debug_DLL|Win32.Build.0 = ES2_IMG_vs2010_Debug_DLL|Win32
		{B580B75A-04C6-4D57-B1DA-814DEBE6307C}.ES2_IMG_vs2010_Debug|Win32.ActiveCfg = ES2_IMG_vs2010_Debug|Win32
		{B580B75A-04C6-4D57-B1DA-814DEBE6307C}.ES2_IMG_vs2010_Debug|Win32.Build.0 = ES2_IMG_vs2010_Debug|Win32
		{B580B75A-04C6-4D57-B1DA-814DEBE6307C}.ES2_IMG_vs2010_Release_DLL|Win32.ActiveCfg = ES2_IMG_vs2010_Release_DLL|Win32
		{B580B75A-04C6-4D57-B1DA-814DEBE6307C}.ES2_IMG_vs2010_Release_DLL|Win32.Build.0 = ES2_IMG_vs2010_Release_DLL|Win32
		{B580B75A-04C6-4D57-B1DA-814DEBE6307C}.ES2_IMG_vs2010_Release|Win32.ActiveCfg = ES2_IMG_vs2010_Release|Win32
		{B580B75A-04C6-4D57-B1DA-814DEBE6307C}.ES2_IMG_vs2010_Release|Win32.Build.0 = ES2_IMG_vs2010_Release|Win32
		{B580B75A-04C6-4D57-B1DA-814DEBE6307C}.ES2_IMG_vs2013_Debug_DLL|Win32.ActiveCfg = ES2_IMG_vs2013_Debug_DLL|Win32
		{B580B75A-04C6-4D57-B1DA-814DEBE6307C}.ES2_IMG_vs2013_Debug_DLL|Win32.Build.0 = ES2_IMG_vs2013_Debug_DLL|Win32
		{B580B75A-04C6-4D57-B1DA-814DEBE6307C}.ES2_IMG_vs2013_Debug|Win32.ActiveCfg = ES2_IMG_vs2013_Debug|Win32
		{B580B75A-04C6-4D57-B1DA-814DEBE6307C}.ES2_IMG_vs2013_Debug|Win32.Build.0 = ES2_IMG_vs2013_Debug|Win32
		{B580B75A-04C6-4D57-B1DA-814DEBE6307C}.ES2_IMG_vs2013_Release_DLL|Win32.ActiveCfg = ES2_IMG_vs2013_Release_DLL|Win32
		{B580B75A-04C6-4D57-B1DA-814DEBE6307C}.ES2_IMG_vs2013_Release_DLL|Win32.Build.0 = ES2_IMG_vs2013_Release_DLL|Win32
		{B580B75A-04C6-4D57-B1DA-814DEBE6307C}.ES2_IMG_vs2013_Release|Win32.ActiveCfg = ES2_IMG_vs2013_Release|Win32
		{B580B75A-04C6-4D57-B1DA-814DEBE6307C}.ES2_IMG_vs2013_Release|Win32.Build.0 = ES2_IMG_vs2013_Release|Win32
		{B580B75A-04C6-4D57-B1DA-814DEBE6307C}.GL_vs2010_Debug_DLL|Win32.ActiveCfg = GL_vs2010_Debug_DLL|Win32
		{B580B75A-04C6-4D57-B1DA-814DEBE6307C}.GL_vs2010_Debug_DLL|Win32.Build.0 = GL_vs2010_Debug_DLL|Win32
		{B580B75A-04C6-4D57-B1DA-814DEBE6307C}.GL_vs2010_Debug|Win32.ActiveCfg = GL_vs2010_Debug|Win32
		{B580B75A-04C6-4D57-B1DA-814DEBE6307C}.GL_vs2010_Debug|Win32.Build.0 = GL_vs2010_Debug|Win32
		{B580B75A-04C6-4D57-B1DA-814DEBE6307C}.GL_vs2010_Release_DLL|Win32.ActiveCfg = GL_vs2010_Release_DLL|Win32
		{B580B75A-04C6-4D57-B1DA-814DEBE6307C}.GL_vs2010_Release_DLL|Win32.Build.0 = GL_vs2010_Release_DLL|Win32
		{B580B75A-04C6-4D57-B1DA-814DEBE6307C}.GL_vs2010_Release|Win32.ActiveCfg = GL_vs2010_Release|Win32
		{B580B75A-04C6-4D57-B1DA-814DEBE6307C}.GL_vs2010_Release|Win32.Build.0 = GL_vs2010_Release|Win32
		{B580B75A-04C6-4D57-B1DA-814DEBE6307C}.GL_vs2013_Debug_DLL|Win32.ActiveCfg = GL_vs2013_Debug_DLL|Win32
		{B580B75A-04C6-4D57-B1DA-814DEBE6307C}.GL_vs2013_Debug_DLL|Win32.Build.0 = GL_vs2013_Debug_DLL|Win32
		{B580B75A-04C6-4D57-B1DA-814DEBE6307C}.GL_vs2013_Debug|Win32.ActiveCfg = GL_vs2013_Debug|Win32
		{B580B75A-04C6-4D57-B1DA-814DEBE6307C}.GL_vs2013_Debug|Win32.Build.0 = GL_vs2013_Debug|Win32
		{B580B75A-04C6-4D57-B1DA-814DEBE6307C}.GL_vs2013_Release_DLL|Win32.ActiveCfg = GL_vs2013_Release_DLL|Win32
		{B580B75A-04C6-4D57-B1DA-814DEBE6307C}.GL_vs2013_Release_DLL|Win32.Build.0 = GL_vs2013_Release_DLL|Win32
		{B580B75A-04C6-4D57-B1DA-814DEBE6307C}.GL_vs2013_Release|Win32.ActiveCfg = GL_vs2013_Release|Win32
		{B580B75A-04C6-4D57-B1DA-814DEBE6307C}.GL_vs2013_Release|Win32.Build.0 = GL_vs2013_Release|Win32
		{53CDC374-6119-41BC-9FAC-4ACE076FD976}.ES2_IMG_vs2010_Debug_DLL|Win32.ActiveCfg = ES2_IMG_vs2010_Debug_DLL|Win32
		{53CDC374-6119-41BC-9FAC-4ACE076FD976}.ES2_IMG_vs2010_Debug_DLL|Win32.Build.0 = ES2_IMG_vs2010_Debug_DLL|Win32
		{53CDC374-6119-41BC-9FAC-4ACE076FD976}.ES2_IMG_vs2010_Debug|Win32.ActiveCfg = ES2_IMG_vs2010_Debug|Win32
		{53CDC374-6119-41BC-9FAC-4ACE076FD976}.ES2_IMG_vs2010_Debug|Win32.Build.0 = ES2_IMG_vs2010_Debug|Win32
		{53CDC374-6119-41BC-9FAC-4ACE076FD976}.ES2_IMG_vs2010_Release_DLL|Win32.ActiveCfg = ES2_IMG_vs2010_Release_DLL|Win32
		{53CDC374-6119-41BC-9FAC-4ACE076FD976}.ES2_IMG_vs2010_Release_DLL|Win32.Build.0 = ES2_IMG_vs2010_Release_DLL|Win32
		{53CDC374-6119-41BC-9FAC-4ACE076FD976}.ES2_IMG_vs2010_Release|Win32.ActiveCfg = ES2_IMG_vs2010_Release|Win32
		{53CDC374-6119-41BC-9FAC-4ACE076FD976}.ES2_IMG_vs2010_Release|Win32.Build.0 = ES2_IMG_vs2010_Release|Win32
		{53CDC374-6119-41BC-9FAC-4ACE076FD976}.ES2_IMG_vs2013_Debug_DLL|Win32.ActiveCfg = ES2_IMG_vs2013_Debug_DLL|Win32
		{53CDC374-6119-41BC-9FAC-4ACE076FD976}.ES2_IMG_vs2013_Debug_DLL|Win32.Build.0 = ES2_IMG_vs2013_Debug_DLL|Win32
		{53CDC374-6119-41BC-9FAC-4ACE076FD976}.ES2_IMG_vs2013_Debug|Win32.ActiveCfg = ES2_IMG_vs2013_Debug|Win32
		{53CDC374-6119-41BC-9FAC-4ACE076FD976}.ES2_IMG_vs2013_Debug|Win32.Build.0 = ES2_IMG_vs2013_Debug|Win32
		{53CDC374-6119-41BC-9FAC-4ACE076FD976}.ES2_IMG_vs2013_Release_DLL|Win32.ActiveCfg = ES2_IMG_vs2013_Release_DLL|Win32
		{53CDC374-6119-41BC-9FAC-4ACE076FD976}.ES2_IMG_vs2013_Release_DLL|Win32.Build.0 = ES2_IMG_vs2013_Release_DLL|Win32
		{53CDC374-6119-41BC-9FAC-4ACE076FD976}.ES2_IMG_vs2013_Release|Win32.ActiveCfg = ES2_IMG_vs2013_Release|Win32
		{53CDC374-6119-41BC-9FAC-4ACE076FD976}.ES2_IMG_vs2013_Release|Win32.Build.0 = ES2_IMG_vs2013_Release|Win32
		{53CDC374-6119-41BC-9FAC-4ACE076FD976}.GL_vs2010_Debug_DLL|Win32.ActiveCfg = GL_vs2010_Debug_DLL|Win32
		{53CDC374-6119-41BC-9FAC-4ACE076FD976}.GL_vs2010_Debug_DLL|Win32.Build.0 = GL_vs2010_Debug_DLL|Win32
		{53CDC374-6119-41BC-9FAC-4ACE076FD976}.GL_vs2010_Debug|Win32.ActiveCfg = GL_vs2010_Debug|Win32
		{53CDC374-6119-41BC-9FAC-4ACE076FD976}.GL_vs2010_Debug|Win32.Build.0 = GL_vs2010_Debug|Win32
		{53CDC374-6119-41BC-9FAC-4ACE076FD976}.GL_vs2010_Release_DLL|Win32.ActiveCfg = GL_vs2010_Release_DLL|Win32
		{53CDC374-6119-41BC-9FAC-4ACE076FD976}.GL_vs2010_Release_DLL|Win32.Build.0 = GL_vs2010_Release_DLL|Win32
		{53CDC374-6119-41BC-9FAC-4ACE076FD976}.GL_vs2010_Release|Win32.ActiveCfg = GL_vs2010_Release|Win32
		{53CDC374-6119-41BC-9FAC-4ACE076FD976}.GL_vs2010_Release|Win32.Build.0 = GL_vs2010_Release|Win32
		{53CDC374-6119-41BC-9FAC-4ACE076FD976}.GL_vs2013_Debug_DLL|Win32.ActiveCfg = GL_vs2013_Debug_DLL|Win32
		{53CDC374-6119-41BC-9FAC-4ACE076FD976}.GL_vs2013_Debug_DLL|Win32.Build.0 = GL_vs2013_Debug_DLL|Win32
		{53CDC374-6119-41BC-9FAC-4ACE076FD976}.GL_vs2013_Debug|Win32.ActiveCfg = GL_vs2013_Debug|Win32
		{53CDC374-6119-41BC-9FAC-4ACE076FD976}.GL_vs2013_Debug|Win32.Build.0 = GL_vs2013_Debug|Win32
		{53CDC374-6119-41BC-9FAC-4ACE076FD976}.GL_vs2013_Release_DLL|Win32.ActiveCfg = GL_vs2013_Release_DLL|Win32
		{53CDC374-6119-41BC-9FAC-4ACE076FD976}.GL_vs2013_Release_DLL|Win32.Build.0 = GL_vs2013_Release_DLL|Win32
		{53CDC374-6119-41BC-9FAC-4ACE076FD976}.GL_vs2013_Release|Win32.ActiveCfg = GL_vs2013_Release|Win32
		{53CDC374-6119-41BC-9FAC-4ACE076FD976}.GL_vs2013_Release|Win32.Build.0 = GL_vs2013_Release|Win32
	EndGlobalSection
	GlobalSection(SolutionProperties) = preSolution
		HideSolutionNode = FALSE
	EndGlobalSection
EndGlobal
